
Microsoft Visual Studio Solution File, Format Version 12.00
# Visual Studio Version 16
VisualStudioVersion = 16.0.31605.320
MinimumVisualStudioVersion = 10.0.40219.1
Project("{FAE04EC0-301F-11D3-BF4B-00C04F79EFBC}") = "MyExtensions", "MyExtensions\MyExtensions.csproj", "{3DC284CE-6572-439D-ADA3-E703FF8498B6}"
EndProject
Project("{FAE04EC0-301F-11D3-BF4B-00C04F79EFBC}") = "MyExtensionsContracts", "..\MyExtensionsContracts\MyExtensionsContracts.csproj", "{82E8B047-FC6B-4CF6-AF81-081B47108006}"
EndProject
Project("{FAE04EC0-301F-11D3-BF4B-00C04F79EFBC}") = "MyLog4NetFileHelper", "..\MyLog4NetFileHelper\MyLog4NetFileHelper.csproj", "{71835829-1351-47EF-B09C-36475BD1BF44}"
EndProject
Project("{FAE04EC0-301F-11D3-BF4B-00C04F79EFBC}") = "DRYHelpers", "..\DRYHelpers\DRYHelpers.csproj", "{DD49592C-F3A0-4253-BBF9-8D9B6C9EE315}"
EndProject
Project("{FAE04EC0-301F-11D3-BF4B-00C04F79EFBC}") = "DumpiLogicRules", "..\DumpiLogicRules\DumpiLogicRules.csproj", "{998E5110-35AB-4E89-BCE4-3A601FF98E0F}"
EndProject
Global
	GlobalSection(SolutionConfigurationPlatforms) = preSolution
		Debug|Any CPU = Debug|Any CPU
		Release|Any CPU = Release|Any CPU
	EndGlobalSection
	GlobalSection(ProjectConfigurationPlatforms) = postSolution
		{3DC284CE-6572-439D-ADA3-E703FF8498B6}.Debug|Any CPU.ActiveCfg = Debug|Any CPU
		{3DC284CE-6572-439D-ADA3-E703FF8498B6}.Debug|Any CPU.Build.0 = Debug|Any CPU
		{3DC284CE-6572-439D-ADA3-E703FF8498B6}.Release|Any CPU.ActiveCfg = Release|Any CPU
		{3DC284CE-6572-439D-ADA3-E703FF8498B6}.Release|Any CPU.Build.0 = Release|Any CPU
		{82E8B047-FC6B-4CF6-AF81-081B47108006}.Debug|Any CPU.ActiveCfg = Debug|Any CPU
		{82E8B047-FC6B-4CF6-AF81-081B47108006}.Debug|Any CPU.Build.0 = Debug|Any CPU
		{82E8B047-FC6B-4CF6-AF81-081B47108006}.Release|Any CPU.ActiveCfg = Release|Any CPU
		{82E8B047-FC6B-4CF6-AF81-081B47108006}.Release|Any CPU.Build.0 = Release|Any CPU
		{71835829-1351-47EF-B09C-36475BD1BF44}.Debug|Any CPU.ActiveCfg = Debug|Any CPU
		{71835829-1351-47EF-B09C-36475BD1BF44}.Debug|Any CPU.Build.0 = Debug|Any CPU
		{71835829-1351-47EF-B09C-36475BD1BF44}.Release|Any CPU.ActiveCfg = Release|Any CPU
		{71835829-1351-47EF-B09C-36475BD1BF44}.Release|Any CPU.Build.0 = Release|Any CPU
		{DD49592C-F3A0-4253-BBF9-8D9B6C9EE315}.Debug|Any CPU.ActiveCfg = Debug|Any CPU
		{DD49592C-F3A0-4253-BBF9-8D9B6C9EE315}.Debug|Any CPU.Build.0 = Debug|Any CPU
		{DD49592C-F3A0-4253-BBF9-8D9B6C9EE315}.Release|Any CPU.ActiveCfg = Release|Any CPU
		{DD49592C-F3A0-4253-BBF9-8D9B6C9EE315}.Release|Any CPU.Build.0 = Release|Any CPU
		{998E5110-35AB-4E89-BCE4-3A601FF98E0F}.Debug|Any CPU.ActiveCfg = Debug|Any CPU
		{998E5110-35AB-4E89-BCE4-3A601FF98E0F}.Debug|Any CPU.Build.0 = Debug|Any CPU
		{998E5110-35AB-4E89-BCE4-3A601FF98E0F}.Release|Any CPU.ActiveCfg = Release|Any CPU
		{998E5110-35AB-4E89-BCE4-3A601FF98E0F}.Release|Any CPU.Build.0 = Release|Any CPU
	EndGlobalSection
	GlobalSection(SolutionProperties) = preSolution
		HideSolutionNode = FALSE
	EndGlobalSection
	GlobalSection(ExtensibilityGlobals) = postSolution
		SolutionGuid = {A500B3A5-B569-42D8-BA21-85AAD121F9F3}
	EndGlobalSection
EndGlobal
